
Microsoft Visual Studio Solution File, Format Version 12.00
# Visual Studio 14
VisualStudioVersion = 14.0.25123.0
MinimumVisualStudioVersion = 10.0.40219.1
Project("{FAE04EC0-301F-11D3-BF4B-00C04F79EFBC}") = "WarmupLabs", "WarmupLabs\WarmupLabs.csproj", "{5A184813-08E1-407A-B731-A0B8D2025854}"
EndProject
Project("{FAE04EC0-301F-11D3-BF4B-00C04F79EFBC}") = "WarmupLabsTests", "WarmupLabsTests\WarmupLabsTests.csproj", "{E81DAD01-D184-48C5-840C-58379C5F0284}"
EndProject
Global
	GlobalSection(SolutionConfigurationPlatforms) = preSolution
		Debug|Any CPU = Debug|Any CPU
		Release|Any CPU = Release|Any CPU
	EndGlobalSection
	GlobalSection(ProjectConfigurationPlatforms) = postSolution
		{5A184813-08E1-407A-B731-A0B8D2025854}.Debug|Any CPU.ActiveCfg = Debug|Any CPU
		{5A184813-08E1-407A-B731-A0B8D2025854}.Debug|Any CPU.Build.0 = Debug|Any CPU
		{5A184813-08E1-407A-B731-A0B8D2025854}.Release|Any CPU.ActiveCfg = Release|Any CPU
		{5A184813-08E1-407A-B731-A0B8D2025854}.Release|Any CPU.Build.0 = Release|Any CPU
		{E81DAD01-D184-48C5-840C-58379C5F0284}.Debug|Any CPU.ActiveCfg = Debug|Any CPU
		{E81DAD01-D184-48C5-840C-58379C5F0284}.Debug|Any CPU.Build.0 = Debug|Any CPU
		{E81DAD01-D184-48C5-840C-58379C5F0284}.Release|Any CPU.ActiveCfg = Release|Any CPU
		{E81DAD01-D184-48C5-840C-58379C5F0284}.Release|Any CPU.Build.0 = Release|Any CPU
	EndGlobalSection
	GlobalSection(SolutionProperties) = preSolution
		HideSolutionNode = FALSE
	EndGlobalSection
EndGlobal
