
Microsoft Visual Studio Solution File, Format Version 12.00
# Visual Studio 14
VisualStudioVersion = 14.0.25123.0
MinimumVisualStudioVersion = 10.0.40219.1
Project("{FAE04EC0-301F-11D3-BF4B-00C04F79EFBC}") = "UsingFilesWithRelativesPaths", "UsingFilesWithRelativesPaths\UsingFilesWithRelativesPaths.csproj", "{CEE982F7-0A86-4235-BA4E-F87A71917DEC}"
EndProject
Global
	GlobalSection(SolutionConfigurationPlatforms) = preSolution
		Debug|Any CPU = Debug|Any CPU
		Release|Any CPU = Release|Any CPU
	EndGlobalSection
	GlobalSection(ProjectConfigurationPlatforms) = postSolution
		{CEE982F7-0A86-4235-BA4E-F87A71917DEC}.Debug|Any CPU.ActiveCfg = Debug|Any CPU
		{CEE982F7-0A86-4235-BA4E-F87A71917DEC}.Debug|Any CPU.Build.0 = Debug|Any CPU
		{CEE982F7-0A86-4235-BA4E-F87A71917DEC}.Release|Any CPU.ActiveCfg = Release|Any CPU
		{CEE982F7-0A86-4235-BA4E-F87A71917DEC}.Release|Any CPU.Build.0 = Release|Any CPU
	EndGlobalSection
	GlobalSection(SolutionProperties) = preSolution
		HideSolutionNode = FALSE
	EndGlobalSection
EndGlobal
