
Microsoft Visual Studio Solution File, Format Version 12.00
# Visual Studio 14
VisualStudioVersion = 14.0.25123.0
MinimumVisualStudioVersion = 10.0.40219.1
Project("{2150E333-8FDC-42A3-9474-1A3956D46DE8}") = "src", "src", "{D6258BA7-1C20-47F5-9402-4332AF236D7C}"
EndProject
Project("{2150E333-8FDC-42A3-9474-1A3956D46DE8}") = "Solution Items", "Solution Items", "{9E699EFD-5B01-495A-B371-4E5A72608F65}"
	ProjectSection(SolutionItems) = preProject
		global.json = global.json
	EndProjectSection
EndProject
Project("{8BB2217D-0F2D-49D1-97BC-3654ED321F3B}") = "MVA_CoreMvc_FirstApp", "src\MVA_CoreMvc_FirstApp\MVA_CoreMvc_FirstApp.xproj", "{8607B4A2-B27B-45FC-BEFD-51398FA7DC94}"
EndProject
Global
	GlobalSection(SolutionConfigurationPlatforms) = preSolution
		Debug|Any CPU = Debug|Any CPU
		Release|Any CPU = Release|Any CPU
	EndGlobalSection
	GlobalSection(ProjectConfigurationPlatforms) = postSolution
		{8607B4A2-B27B-45FC-BEFD-51398FA7DC94}.Debug|Any CPU.ActiveCfg = Debug|Any CPU
		{8607B4A2-B27B-45FC-BEFD-51398FA7DC94}.Debug|Any CPU.Build.0 = Debug|Any CPU
		{8607B4A2-B27B-45FC-BEFD-51398FA7DC94}.Release|Any CPU.ActiveCfg = Release|Any CPU
		{8607B4A2-B27B-45FC-BEFD-51398FA7DC94}.Release|Any CPU.Build.0 = Release|Any CPU
	EndGlobalSection
	GlobalSection(SolutionProperties) = preSolution
		HideSolutionNode = FALSE
	EndGlobalSection
	GlobalSection(NestedProjects) = preSolution
		{8607B4A2-B27B-45FC-BEFD-51398FA7DC94} = {D6258BA7-1C20-47F5-9402-4332AF236D7C}
	EndGlobalSection
EndGlobal
