
Microsoft Visual Studio Solution File, Format Version 12.00
# Visual Studio 14
VisualStudioVersion = 14.0.25123.0
MinimumVisualStudioVersion = 10.0.40219.1
Project("{FAE04EC0-301F-11D3-BF4B-00C04F79EFBC}") = "RockPaperScissorsWithInterfaces", "RockPaperScissorsWithInterfaces\RockPaperScissorsWithInterfaces.csproj", "{AB83AB27-8E8F-4FEB-8CC0-2A9B26D05967}"
EndProject
Project("{FAE04EC0-301F-11D3-BF4B-00C04F79EFBC}") = "RockPaperScissorsWithInterfaces.Tests", "RockPaperScissorsWithInterfaces.Tests\RockPaperScissorsWithInterfaces.Tests.csproj", "{ABCE6DD3-D6AA-44D6-87F7-88D4672FD9D3}"
EndProject
Global
	GlobalSection(SolutionConfigurationPlatforms) = preSolution
		Debug|Any CPU = Debug|Any CPU
		Release|Any CPU = Release|Any CPU
	EndGlobalSection
	GlobalSection(ProjectConfigurationPlatforms) = postSolution
		{AB83AB27-8E8F-4FEB-8CC0-2A9B26D05967}.Debug|Any CPU.ActiveCfg = Debug|Any CPU
		{AB83AB27-8E8F-4FEB-8CC0-2A9B26D05967}.Debug|Any CPU.Build.0 = Debug|Any CPU
		{AB83AB27-8E8F-4FEB-8CC0-2A9B26D05967}.Release|Any CPU.ActiveCfg = Release|Any CPU
		{AB83AB27-8E8F-4FEB-8CC0-2A9B26D05967}.Release|Any CPU.Build.0 = Release|Any CPU
		{ABCE6DD3-D6AA-44D6-87F7-88D4672FD9D3}.Debug|Any CPU.ActiveCfg = Debug|Any CPU
		{ABCE6DD3-D6AA-44D6-87F7-88D4672FD9D3}.Debug|Any CPU.Build.0 = Debug|Any CPU
		{ABCE6DD3-D6AA-44D6-87F7-88D4672FD9D3}.Release|Any CPU.ActiveCfg = Release|Any CPU
		{ABCE6DD3-D6AA-44D6-87F7-88D4672FD9D3}.Release|Any CPU.Build.0 = Release|Any CPU
	EndGlobalSection
	GlobalSection(SolutionProperties) = preSolution
		HideSolutionNode = FALSE
	EndGlobalSection
EndGlobal
