
Microsoft Visual Studio Solution File, Format Version 12.00
# Visual Studio 14
VisualStudioVersion = 14.0.25123.0
MinimumVisualStudioVersion = 10.0.40219.1
Project("{FAE04EC0-301F-11D3-BF4B-00C04F79EFBC}") = "StringCalculatorKata", "StringCalculatorKata\StringCalculatorKata.csproj", "{C03EA0A6-1B0E-494D-8591-7F9B1AFA5D88}"
EndProject
Project("{FAE04EC0-301F-11D3-BF4B-00C04F79EFBC}") = "StringCalculatorKataTests", "StringCalculatorKataTests\StringCalculatorKataTests.csproj", "{01DF4F0A-4CED-42DE-9F33-0A98616DC14E}"
EndProject
Global
	GlobalSection(SolutionConfigurationPlatforms) = preSolution
		Debug|Any CPU = Debug|Any CPU
		Release|Any CPU = Release|Any CPU
	EndGlobalSection
	GlobalSection(ProjectConfigurationPlatforms) = postSolution
		{C03EA0A6-1B0E-494D-8591-7F9B1AFA5D88}.Debug|Any CPU.ActiveCfg = Debug|Any CPU
		{C03EA0A6-1B0E-494D-8591-7F9B1AFA5D88}.Debug|Any CPU.Build.0 = Debug|Any CPU
		{C03EA0A6-1B0E-494D-8591-7F9B1AFA5D88}.Release|Any CPU.ActiveCfg = Release|Any CPU
		{C03EA0A6-1B0E-494D-8591-7F9B1AFA5D88}.Release|Any CPU.Build.0 = Release|Any CPU
		{01DF4F0A-4CED-42DE-9F33-0A98616DC14E}.Debug|Any CPU.ActiveCfg = Debug|Any CPU
		{01DF4F0A-4CED-42DE-9F33-0A98616DC14E}.Debug|Any CPU.Build.0 = Debug|Any CPU
		{01DF4F0A-4CED-42DE-9F33-0A98616DC14E}.Release|Any CPU.ActiveCfg = Release|Any CPU
		{01DF4F0A-4CED-42DE-9F33-0A98616DC14E}.Release|Any CPU.Build.0 = Release|Any CPU
	EndGlobalSection
	GlobalSection(SolutionProperties) = preSolution
		HideSolutionNode = FALSE
	EndGlobalSection
EndGlobal
